// !$*UTF8*$!
{
	archiveVersion = 1;
	classes = {
	};
	objectVersion = 46;
	objects = {

/* Begin PBXFileReference section */
		2B6801AA17D51CDB00202B11 /* ast.cpp */ = {isa = PBXFileReference; fileEncoding = 4; lastKnownFileType = sourcecode.cpp.cpp; name = ast.cpp; path = tools/compiler/ast.cpp; sourceTree = "<group>"; };
		2B6801AB17D51CDB00202B11 /* ast.h */ = {isa = PBXFileReference; fileEncoding = 4; lastKnownFileType = sourcecode.c.h; name = ast.h; path = tools/compiler/ast.h; sourceTree = "<group>"; };
		2B6801AC17D51CDB00202B11 /* lexer.cpp */ = {isa = PBXFileReference; fileEncoding = 4; lastKnownFileType = sourcecode.cpp.cpp; name = lexer.cpp; path = tools/compiler/lexer.cpp; sourceTree = "<group>"; };
		2B6801AD17D51CDB00202B11 /* lexer.h */ = {isa = PBXFileReference; fileEncoding = 4; lastKnownFileType = sourcecode.c.h; name = lexer.h; path = tools/compiler/lexer.h; sourceTree = "<group>"; };
		2B6801AF17D51CDB00202B11 /* main.cpp */ = {isa = PBXFileReference; fileEncoding = 4; lastKnownFileType = sourcecode.cpp.cpp; name = main.cpp; path = tools/compiler/main.cpp; sourceTree = "<group>"; };
		2B6801B017D51CDB00202B11 /* Makefile */ = {isa = PBXFileReference; fileEncoding = 4; lastKnownFileType = sourcecode.make; name = Makefile; path = tools/compiler/Makefile; sourceTree = "<group>"; };
		2B6801B117D51CDB00202B11 /* parser.cpp */ = {isa = PBXFileReference; fileEncoding = 4; lastKnownFileType = sourcecode.cpp.cpp; name = parser.cpp; path = tools/compiler/parser.cpp; sourceTree = "<group>"; };
		2B6801B217D51CDB00202B11 /* parser.h */ = {isa = PBXFileReference; fileEncoding = 4; lastKnownFileType = sourcecode.c.h; name = parser.h; path = tools/compiler/parser.h; sourceTree = "<group>"; };
/* End PBXFileReference section */

/* Begin PBXGroup section */
		2B68019F17D51BCB00202B11 = {
			isa = PBXGroup;
			children = (
				2B6801AA17D51CDB00202B11 /* ast.cpp */,
				2B6801AB17D51CDB00202B11 /* ast.h */,
				2B6801AC17D51CDB00202B11 /* lexer.cpp */,
				2B6801AD17D51CDB00202B11 /* lexer.h */,
				2B6801AF17D51CDB00202B11 /* main.cpp */,
				2B6801B017D51CDB00202B11 /* Makefile */,
				2B6801B117D51CDB00202B11 /* parser.cpp */,
				2B6801B217D51CDB00202B11 /* parser.h */,
			);
			sourceTree = "<group>";
		};
/* End PBXGroup section */

/* Begin PBXLegacyTarget section */
		2B6801A417D51BCB00202B11 /* kal */ = {
			isa = PBXLegacyTarget;
			buildArgumentsString = "$(ACTION)";
			buildConfigurationList = 2B6801A717D51BCB00202B11 /* Build configuration list for PBXLegacyTarget "kal" */;
			buildPhases = (
			);
			buildToolPath = /usr/bin/make;
			dependencies = (
			);
			name = kal;
			passBuildSettingsInEnvironment = 1;
			productName = kal;
		};
/* End PBXLegacyTarget section */

/* Begin PBXProject section */
		2B6801A017D51BCB00202B11 /* Project object */ = {
			isa = PBXProject;
			attributes = {
				LastUpgradeCheck = 0460;
				ORGANIZATIONNAME = "Daniel Hardman";
			};
			buildConfigurationList = 2B6801A317D51BCB00202B11 /* Build configuration list for PBXProject "kal" */;
			compatibilityVersion = "Xcode 3.2";
			developmentRegion = English;
			hasScannedForEncodings = 0;
			knownRegions = (
				en,
			);
			mainGroup = 2B68019F17D51BCB00202B11;
			projectDirPath = "";
			projectRoot = "";
			targets = (
				2B6801A417D51BCB00202B11 /* kal */,
			);
		};
/* End PBXProject section */

/* Begin XCBuildConfiguration section */
		2B6801A517D51BCB00202B11 /* Debug */ = {
			isa = XCBuildConfiguration;
			buildSettings = {
				ALWAYS_SEARCH_USER_PATHS = NO;
				ARCHS = "$(ARCHS_STANDARD_64_BIT)";
				CLANG_CXX_LANGUAGE_STANDARD = "gnu++0x";
				CLANG_CXX_LIBRARY = "libc++";
				CLANG_WARN_CONSTANT_CONVERSION = YES;
				CLANG_WARN_EMPTY_BODY = YES;
				CLANG_WARN_ENUM_CONVERSION = YES;
				CLANG_WARN_INT_CONVERSION = YES;
				CLANG_WARN__DUPLICATE_METHOD_MATCH = YES;
				COPY_PHASE_STRIP = NO;
				GCC_C_LANGUAGE_STANDARD = gnu99;
				GCC_DYNAMIC_NO_PIC = NO;
				GCC_ENABLE_OBJC_EXCEPTIONS = YES;
				GCC_OPTIMIZATION_LEVEL = 0;
				GCC_PREPROCESSOR_DEFINITIONS = (
					"DEBUG=1",
					"$(inherited)",
				);
				GCC_SYMBOLS_PRIVATE_EXTERN = NO;
				GCC_WARN_64_TO_32_BIT_CONVERSION = YES;
				GCC_WARN_ABOUT_RETURN_TYPE = YES;
				GCC_WARN_UNINITIALIZED_AUTOS = YES;
				GCC_WARN_UNUSED_VARIABLE = YES;
				MACOSX_DEPLOYMENT_TARGET = 10.8;
				ONLY_ACTIVE_ARCH = YES;
				SDKROOT = macosx;
			};
			name = Debug;
		};
		2B6801A617D51BCB00202B11 /* Release */ = {
			isa = XCBuildConfiguration;
			buildSettings = {
				ALWAYS_SEARCH_USER_PATHS = NO;
				ARCHS = "$(ARCHS_STANDARD_64_BIT)";
				CLANG_CXX_LANGUAGE_STANDARD = "gnu++0x";
				CLANG_CXX_LIBRARY = "libc++";
				CLANG_WARN_CONSTANT_CONVERSION = YES;
				CLANG_WARN_EMPTY_BODY = YES;
				CLANG_WARN_ENUM_CONVERSION = YES;
				CLANG_WARN_INT_CONVERSION = YES;
				CLANG_WARN__DUPLICATE_METHOD_MATCH = YES;
				COPY_PHASE_STRIP = YES;
				DEBUG_INFORMATION_FORMAT = "dwarf-with-dsym";
				GCC_C_LANGUAGE_STANDARD = gnu99;
				GCC_ENABLE_OBJC_EXCEPTIONS = YES;
				GCC_WARN_64_TO_32_BIT_CONVERSION = YES;
				GCC_WARN_ABOUT_RETURN_TYPE = YES;
				GCC_WARN_UNINITIALIZED_AUTOS = YES;
				GCC_WARN_UNUSED_VARIABLE = YES;
				MACOSX_DEPLOYMENT_TARGET = 10.8;
				SDKROOT = macosx;
			};
			name = Release;
		};
		2B6801A817D51BCB00202B11 /* Debug */ = {
			isa = XCBuildConfiguration;
			buildSettings = {
				DEBUGGING_SYMBOLS = YES;
				GCC_GENERATE_DEBUGGING_SYMBOLS = YES;
				GCC_OPTIMIZATION_LEVEL = 0;
				OTHER_CFLAGS = "";
				OTHER_LDFLAGS = "";
				PRODUCT_NAME = "$(TARGET_NAME)";
			};
			name = Debug;
		};
		2B6801A917D51BCB00202B11 /* Release */ = {
			isa = XCBuildConfiguration;
			buildSettings = {
				OTHER_CFLAGS = "";
				OTHER_LDFLAGS = "";
				PRODUCT_NAME = "$(TARGET_NAME)";
			};
			name = Release;
		};
/* End XCBuildConfiguration section */

/* Begin XCConfigurationList section */
		2B6801A317D51BCB00202B11 /* Build configuration list for PBXProject "kal" */ = {
			isa = XCConfigurationList;
			buildConfigurations = (
				2B6801A517D51BCB00202B11 /* Debug */,
				2B6801A617D51BCB00202B11 /* Release */,
			);
			defaultConfigurationIsVisible = 0;
			defaultConfigurationName = Release;
		};
		2B6801A717D51BCB00202B11 /* Build configuration list for PBXLegacyTarget "kal" */ = {
			isa = XCConfigurationList;
			buildConfigurations = (
				2B6801A817D51BCB00202B11 /* Debug */,
				2B6801A917D51BCB00202B11 /* Release */,
			);
			defaultConfigurationIsVisible = 0;
			defaultConfigurationName = Release;
		};
/* End XCConfigurationList section */
	};
	rootObject = 2B6801A017D51BCB00202B11 /* Project object */;
}
